
Microsoft Visual Studio Solution File, Format Version 12.00
# Visual Studio Version 17
VisualStudioVersion = 17.9.34622.214
MinimumVisualStudioVersion = 10.0.40219.1
Project("{FAE04EC0-301F-11D3-BF4B-00C04F79EFBC}") = "simplecrud", "simplecrud\simplecrud.csproj", "{ABCB8D05-6600-430C-A404-0E57386582EB}"
EndProject
Global
	GlobalSection(SolutionConfigurationPlatforms) = preSolution
		Debug|Any CPU = Debug|Any CPU
		Release|Any CPU = Release|Any CPU
	EndGlobalSection
	GlobalSection(ProjectConfigurationPlatforms) = postSolution
		{ABCB8D05-6600-430C-A404-0E57386582EB}.Debug|Any CPU.ActiveCfg = Debug|Any CPU
		{ABCB8D05-6600-430C-A404-0E57386582EB}.Debug|Any CPU.Build.0 = Debug|Any CPU
		{ABCB8D05-6600-430C-A404-0E57386582EB}.Release|Any CPU.ActiveCfg = Release|Any CPU
		{ABCB8D05-6600-430C-A404-0E57386582EB}.Release|Any CPU.Build.0 = Release|Any CPU
	EndGlobalSection
	GlobalSection(SolutionProperties) = preSolution
		HideSolutionNode = FALSE
	EndGlobalSection
	GlobalSection(ExtensibilityGlobals) = postSolution
		SolutionGuid = {33C0CE95-1F8D-47A6-880F-5B62B7DAE7A5}
	EndGlobalSection
EndGlobal
